lockfileVersion: 5.3

specifiers:
  miniflare: ^2.3.0

devDependencies:
  miniflare: 2.3.0

packages:
  /@iarna/toml/2.2.5:
    resolution:
      {
        integrity: sha512-trnsAYxU3xnS1gPHPyU961coFyLkh4gAD/0zQ5mymY4yOZ+CYvsPqUbOFSw0aDM4y0tV7tiFxL/1XfXPNC6IPg==,
      }
    dev: true

  /@miniflare/cache/2.3.0:
    resolution:
      {
        integrity: sha512-lOf3WVtrs0ac7KOtsQ+JOGHWR90zsqqJbolE+Wt4hIZuvM2U3t1RD2Ms7U20J301msVIsBAd02IL57H95LXQtQ==,
      }
    engines: { node: ">=16.7" }
    dependencies:
      "@miniflare/core": 2.3.0
      "@miniflare/shared": 2.3.0
      http-cache-semantics: 4.1.0
      undici: 4.13.0
    dev: true

  /@miniflare/cli-parser/2.3.0:
    resolution:
      {
        integrity: sha512-yQzU+OBBvWshr9qVxAe6bWXJLNfpmLYrfkfR3u+rPOo2LYnccWg0f/8jtxrXM1TIyu+tCOJGqCODpO//XtrwWw==,
      }
    engines: { node: ">=16.7" }
    dependencies:
      "@miniflare/shared": 2.3.0
      kleur: 4.1.4
    dev: true

  /@miniflare/core/2.3.0:
    resolution:
      {
        integrity: sha512-Dltb3p+Uq5Lx53DuInckHYaDoMrBq49HE/p/oUDXmzHmQy7EAM6v+nJGKmiM9Uen4OqyqsmlmPWqntSMjaX7Jg==,
      }
    engines: { node: ">=16.7" }
    dependencies:
      "@iarna/toml": 2.2.5
      "@miniflare/shared": 2.3.0
      "@miniflare/watcher": 2.3.0
      busboy: 0.3.1
      dotenv: 10.0.0
      kleur: 4.1.4
      set-cookie-parser: 2.4.8
      undici: 4.13.0
    dev: true

  /@miniflare/durable-objects/2.3.0:
    resolution:
      {
        integrity: sha512-YuzxBBu9xBU3xxD4TzGdeVVMXrE76AWJE4MIqkJR5UmASqayyv//cApGw3+C01NHe07cpbrTM1QTgFo2eBncwQ==,
      }
    engines: { node: ">=16.7" }
    dependencies:
      "@miniflare/core": 2.3.0
      "@miniflare/shared": 2.3.0
      "@miniflare/storage-memory": 2.3.0
      undici: 4.13.0
    dev: true

  /@miniflare/html-rewriter/2.3.0:
    resolution:
      {
        integrity: sha512-cyWhmQgzhtRlBeg0mxP5FmAq/75ChuLwWQlhokx88XkGnteuh0/DOk3OxIMaveF2oDHKmIlLFgSlzv4NbT1Mng==,
      }
    engines: { node: ">=16.7" }
    dependencies:
      "@miniflare/core": 2.3.0
      "@miniflare/shared": 2.3.0
      html-rewriter-wasm: 0.4.1
      undici: 4.13.0
    dev: true

  /@miniflare/http-server/2.3.0:
    resolution:
      {
        integrity: sha512-jTzsRuro3yWVb4T85znBGw1w+ydimgi2PJvHrTuGFKDjFam+R037fGH+HZCAjAgPiBHTroXfkeSXypJLXbQBEg==,
      }
    engines: { node: ">=16.7" }
    dependencies:
      "@miniflare/core": 2.3.0
      "@miniflare/shared": 2.3.0
      "@miniflare/web-sockets": 2.3.0
      kleur: 4.1.4
      selfsigned: 2.0.0
      undici: 4.13.0
      ws: 8.5.0
      youch: 2.2.2
    transitivePeerDependencies:
      - bufferutil
      - utf-8-validate
    dev: true

  /@miniflare/kv/2.3.0:
    resolution:
      {
        integrity: sha512-m0zu5sRoaFDm+WVTnLRrz8+77b6eVxQN7cLN6ZQiKP3Nd8cAggPdaIIef8dVksWbPvOW9DztoUVZTB1v9EOaLA==,
      }
    engines: { node: ">=16.7" }
    dependencies:
      "@miniflare/shared": 2.3.0
    dev: true

  /@miniflare/runner-vm/2.3.0:
    resolution:
      {
        integrity: sha512-/aB997YodNcRFxtlnvEn4BJSIqKXRw29FexOqCWwWv+b7XQkTTxd4IfSocIFi6du3265gp85icqP/hxsLAQBVg==,
      }
    engines: { node: ">=16.7" }
    dependencies:
      "@miniflare/shared": 2.3.0
    dev: true

  /@miniflare/scheduler/2.3.0:
    resolution:
      {
        integrity: sha512-Er80srMNXbxqGbYXtiZkD8UlveHsw4cpwcytQgsEJCHG7/48vC/rpmtN0zKOWFEHifaOUvHhURZRJu+S2E4Stg==,
      }
    engines: { node: ">=16.7" }
    dependencies:
      "@miniflare/core": 2.3.0
      "@miniflare/shared": 2.3.0
      cron-schedule: 3.0.5
    dev: true

  /@miniflare/shared/2.3.0:
    resolution:
      {
        integrity: sha512-TvCSUe1op5AKINx3zHSSdfAbdoV3eSF3MzeVQA4+1NmtuefY8cjujQCdILeAxg3oPbHXaZkc7j1zZ13rYdvwGQ==,
      }
    engines: { node: ">=16.7" }
    dependencies:
      ignore: 5.2.0
      kleur: 4.1.4
    dev: true

  /@miniflare/sites/2.3.0:
    resolution:
      {
        integrity: sha512-WkRBxQbf6k/eS1D/D1mw30Zs253TFeIkWFh8HQ8Z36Kdt79rNVezT9YmRpahUfvYXmubTquV5JftNOAhvbOJXA==,
      }
    engines: { node: ">=16.7" }
    dependencies:
      "@miniflare/kv": 2.3.0
      "@miniflare/shared": 2.3.0
      "@miniflare/storage-file": 2.3.0
    dev: true

  /@miniflare/storage-file/2.3.0:
    resolution:
      {
        integrity: sha512-1rda/MC0R8wVC6N7Na2EdSGNAZv6o/yugp7Z+GikJ1vbgi1+9soAczDzFtaq4jrBzAkCFOMT79DgkSKSl59vxg==,
      }
    engines: { node: ">=16.7" }
    dependencies:
      "@miniflare/shared": 2.3.0
      "@miniflare/storage-memory": 2.3.0
    dev: true

  /@miniflare/storage-memory/2.3.0:
    resolution:
      {
        integrity: sha512-cMqQK9neRySchoNUVhQYOmLFrYkAjT5V113Wfxmsz93dladQ1/mXOsndqPrlb+5hhnwbw4Ns67nyzkHUe9sX/g==,
      }
    engines: { node: ">=16.7" }
    dependencies:
      "@miniflare/shared": 2.3.0
    dev: true

  /@miniflare/watcher/2.3.0:
    resolution:
      {
        integrity: sha512-G0ZE9WHIcdR2TlPXwwQabULDIMZ9LujfC0tn+yXmPXKxgWoJWcWFmUbkhVDcOJzkIz2TAhRlLbW11n8nChUHFQ==,
      }
    engines: { node: ">=16.7" }
    dependencies:
      "@miniflare/shared": 2.3.0
    dev: true

  /@miniflare/web-sockets/2.3.0:
    resolution:
      {
        integrity: sha512-3xcPG1vfiMb2obVC4jNtS5VzUxzM1rdUrWPCG86gpZaHky0xC1U7Tp+eFdxQFTty99HPYrrVKXl1ww2h1LGWRA==,
      }
    engines: { node: ">=16.7" }
    dependencies:
      "@miniflare/core": 2.3.0
      "@miniflare/shared": 2.3.0
      undici: 4.13.0
      ws: 8.5.0
    transitivePeerDependencies:
      - bufferutil
      - utf-8-validate
    dev: true

  /@types/stack-trace/0.0.29:
    resolution:
      {
        integrity: sha512-TgfOX+mGY/NyNxJLIbDWrO9DjGoVSW9+aB8H2yy1fy32jsvxijhmyJI9fDFgvz3YP4lvJaq9DzdR/M1bOgVc9g==,
      }
    dev: true

  /buffer-from/1.1.2:
    resolution:
      {
        integrity: sha512-E+XQCRwSbaaiChtv6k6Dwgc+bx+Bs6vuKJHHl5kox/BaKbhiXzqQOwK4cO22yElGp2OCmjwVhT3HmxgyPGnJfQ==,
      }
    dev: true

  /busboy/0.3.1:
    resolution:
      {
        integrity: sha512-y7tTxhGKXcyBxRKAni+awqx8uqaJKrSFSNFSeRG5CsWNdmy2BIK+6VGWEW7TZnIO/533mtMEA4rOevQV815YJw==,
      }
    engines: { node: ">=4.5.0" }
    dependencies:
      dicer: 0.3.0
    dev: true

  /cookie/0.4.2:
    resolution:
      {
        integrity: sha512-aSWTXFzaKWkvHO1Ny/s+ePFpvKsPnjc551iI41v3ny/ow6tBG5Vd+FuqGNhh1LxOmVzOlGUriIlOaokOvhaStA==,
      }
    engines: { node: ">= 0.6" }
    dev: true

  /cron-schedule/3.0.5:
    resolution:
      {
        integrity: sha512-YjtB4jy7RJEX8j9GokHp+y8S/ihCHjrD2Z3E13LSGP/+G0Sdv+MEKsZu5wPLLWwW1HQc4HwpGMFU3GUTStZTaA==,
      }
    dev: true

  /dicer/0.3.0:
    resolution:
      {
        integrity: sha512-MdceRRWqltEG2dZqO769g27N/3PXfcKl04VhYnBlo2YhH7zPi88VebsjTKclaOyiuMaGU72hTfw3VkUitGcVCA==,
      }
    engines: { node: ">=4.5.0" }
    dependencies:
      streamsearch: 0.1.2
    dev: true

  /dotenv/10.0.0:
    resolution:
      {
        integrity: sha512-rlBi9d8jpv9Sf1klPjNfFAuWDjKLwTIJJ/VxtoTwIR6hnZxcEOQCZg2oIL3MWBYw5GpUDKOEnND7LXTbIpQ03Q==,
      }
    engines: { node: ">=10" }
    dev: true

  /html-rewriter-wasm/0.4.1:
    resolution:
      {
        integrity: sha512-lNovG8CMCCmcVB1Q7xggMSf7tqPCijZXaH4gL6iE8BFghdQCbaY5Met9i1x2Ex8m/cZHDUtXK9H6/znKamRP8Q==,
      }
    dev: true

  /http-cache-semantics/4.1.0:
    resolution:
      {
        integrity: sha512-carPklcUh7ROWRK7Cv27RPtdhYhUsela/ue5/jKzjegVvXDqM2ILE9Q2BGn9JZJh1g87cp56su/FgQSzcWS8cQ==,
      }
    dev: true

  /ignore/5.2.0:
    resolution:
      {
        integrity: sha512-CmxgYGiEPCLhfLnpPp1MoRmifwEIOgjcHXxOBjv7mY96c+eWScsOP9c112ZyLdWHi0FxHjI+4uVhKYp/gcdRmQ==,
      }
    engines: { node: ">= 4" }
    dev: true

  /kleur/4.1.4:
    resolution:
      {
        integrity: sha512-8QADVssbrFjivHWQU7KkMgptGTl6WAcSdlbBPY4uNF+mWr6DGcKrvY2w4FQJoXch7+fKMjj0dRrL75vk3k23OA==,
      }
    engines: { node: ">=6" }
    dev: true

  /miniflare/2.3.0:
    resolution:
      {
        integrity: sha512-0lK4Df+jfqLDSDDgj4AOJffb1G6sN7XvB5QGUaquEakW+qPdurydyNhFKcFKBgpk4ozN6WTmB2x802iPXQcJJQ==,
      }
    engines: { node: ">=16.7" }
    hasBin: true
    peerDependencies:
      "@miniflare/storage-redis": 2.3.0
      cron-schedule: ^3.0.4
      ioredis: ^4.27.9
    peerDependenciesMeta:
      "@miniflare/storage-redis":
        optional: true
      cron-schedule:
        optional: true
      ioredis:
        optional: true
    dependencies:
      "@miniflare/cache": 2.3.0
      "@miniflare/cli-parser": 2.3.0
      "@miniflare/core": 2.3.0
      "@miniflare/durable-objects": 2.3.0
      "@miniflare/html-rewriter": 2.3.0
      "@miniflare/http-server": 2.3.0
      "@miniflare/kv": 2.3.0
      "@miniflare/runner-vm": 2.3.0
      "@miniflare/scheduler": 2.3.0
      "@miniflare/shared": 2.3.0
      "@miniflare/sites": 2.3.0
      "@miniflare/storage-file": 2.3.0
      "@miniflare/storage-memory": 2.3.0
      "@miniflare/web-sockets": 2.3.0
      kleur: 4.1.4
      semiver: 1.1.0
      source-map-support: 0.5.21
      undici: 4.13.0
    transitivePeerDependencies:
      - bufferutil
      - utf-8-validate
    dev: true

  /mustache/4.2.0:
    resolution:
      {
        integrity: sha512-71ippSywq5Yb7/tVYyGbkBggbU8H3u5Rz56fH60jGFgr8uHwxs+aSKeqmluIVzM0m0kB7xQjKS6qPfd0b2ZoqQ==,
      }
    hasBin: true
    dev: true

  /node-forge/1.2.1:
    resolution:
      {
        integrity: sha512-Fcvtbb+zBcZXbTTVwqGA5W+MKBj56UjVRevvchv5XrcyXbmNdesfZL37nlcWOfpgHhgmxApw3tQbTr4CqNmX4w==,
      }
    engines: { node: ">= 6.13.0" }
    dev: true

  /selfsigned/2.0.0:
    resolution:
      {
        integrity: sha512-cUdFiCbKoa1mZ6osuJs2uDHrs0k0oprsKveFiiaBKCNq3SYyb5gs2HxhQyDNLCmL51ZZThqi4YNDpCK6GOP1iQ==,
      }
    engines: { node: ">=10" }
    dependencies:
      node-forge: 1.2.1
    dev: true

  /semiver/1.1.0:
    resolution:
      {
        integrity: sha512-QNI2ChmuioGC1/xjyYwyZYADILWyW6AmS1UH6gDj/SFUUUS4MBAWs/7mxnkRPc/F4iHezDP+O8t0dO8WHiEOdg==,
      }
    engines: { node: ">=6" }
    dev: true

  /set-cookie-parser/2.4.8:
    resolution:
      {
        integrity: sha512-edRH8mBKEWNVIVMKejNnuJxleqYE/ZSdcT8/Nem9/mmosx12pctd80s2Oy00KNZzrogMZS5mauK2/ymL1bvlvg==,
      }
    dev: true

  /source-map-support/0.5.21:
    resolution:
      {
        integrity: sha512-uBHU3L3czsIyYXKX88fdrGovxdSCoTGDRZ6SYXtSRxLZUzHg5P/66Ht6uoUlHu9EZod+inXhKo3qQgwXUT/y1w==,
      }
    dependencies:
      buffer-from: 1.1.2
      source-map: 0.6.1
    dev: true

  /source-map/0.6.1:
    resolution:
      {
        integrity: sha512-UjgapumWlbMhkBgzT7Ykc5YXUT46F0iKu8SGXq0bcwP5dz/h0Plj6enJqjz1Zbq2l5WaqYnrVbwWOWMyF3F47g==,
      }
    engines: { node: ">=0.10.0" }
    dev: true

  /stack-trace/0.0.10:
    resolution: { integrity: sha1-VHxws0fo0ytOEI6hoqFZ5f3eGcA= }
    dev: true

  /streamsearch/0.1.2:
    resolution: { integrity: sha1-gIudDlb8Jz2Am6VzOOkpkZoanxo= }
    engines: { node: ">=0.8.0" }
    dev: true

  /undici/4.13.0:
    resolution:
      {
        integrity: sha512-8lk8S/f2V0VUNGf2scU2b+KI2JSzEQLdCyRNRF3XmHu+5jectlSDaPSBCXAHFaUlt1rzngzOBVDgJS9/Gue/KA==,
      }
    engines: { node: ">=12.18" }
    dev: true

  /ws/8.5.0:
    resolution:
      {
        integrity: sha512-BWX0SWVgLPzYwF8lTzEy1egjhS4S4OEAHfsO8o65WOVsrnSRGaSiUaa9e0ggGlkMTtBlmOpEXiie9RUcBO86qg==,
      }
    engines: { node: ">=10.0.0" }
    peerDependencies:
      bufferutil: ^4.0.1
      utf-8-validate: ^5.0.2
    peerDependenciesMeta:
      bufferutil:
        optional: true
      utf-8-validate:
        optional: true
    dev: true

  /youch/2.2.2:
    resolution:
      {
        integrity: sha512-/FaCeG3GkuJwaMR34GHVg0l8jCbafZLHiFowSjqLlqhC6OMyf2tPJBu8UirF7/NI9X/R5ai4QfEKUCOxMAGxZQ==,
      }
    dependencies:
      "@types/stack-trace": 0.0.29
      cookie: 0.4.2
      mustache: 4.2.0
      stack-trace: 0.0.10
    dev: true
